
Microsoft Visual Studio Solution File, Format Version 12.00
# Visual Studio 15
VisualStudioVersion = 15.0.28307.1082
MinimumVisualStudioVersion = 10.0.40219.1
Project("{FAE04EC0-301F-11D3-BF4B-00C04F79EFBC}") = "NG-DART WPF", "NG-DART WPF\NG-DART WPF.csproj", "{44C7DDF2-A2F3-4D72-B7D6-45B81A7FFF72}"
EndProject
Project("{F2A71F9B-5D33-465A-A702-920D77279786}") = "NG-DART Elmish", "NG-DART Elmish\NG-DART Elmish.fsproj", "{97DCDD5D-804A-4394-8FEF-5A0A568E92CC}"
EndProject
Project("{FAE04EC0-301F-11D3-BF4B-00C04F79EFBC}") = "MyExistingCSharpExe", "MyExistingCSharpExe\MyExistingCSharpExe.csproj", "{6C8C0ADB-97A5-439C-838F-279E95E557C1}"
EndProject
Global
	GlobalSection(SolutionConfigurationPlatforms) = preSolution
		Debug|Any CPU = Debug|Any CPU
		Release|Any CPU = Release|Any CPU
	EndGlobalSection
	GlobalSection(ProjectConfigurationPlatforms) = postSolution
		{44C7DDF2-A2F3-4D72-B7D6-45B81A7FFF72}.Debug|Any CPU.ActiveCfg = Debug|Any CPU
		{44C7DDF2-A2F3-4D72-B7D6-45B81A7FFF72}.Debug|Any CPU.Build.0 = Debug|Any CPU
		{44C7DDF2-A2F3-4D72-B7D6-45B81A7FFF72}.Release|Any CPU.ActiveCfg = Release|Any CPU
		{44C7DDF2-A2F3-4D72-B7D6-45B81A7FFF72}.Release|Any CPU.Build.0 = Release|Any CPU
		{97DCDD5D-804A-4394-8FEF-5A0A568E92CC}.Debug|Any CPU.ActiveCfg = Debug|Any CPU
		{97DCDD5D-804A-4394-8FEF-5A0A568E92CC}.Debug|Any CPU.Build.0 = Debug|Any CPU
		{97DCDD5D-804A-4394-8FEF-5A0A568E92CC}.Release|Any CPU.ActiveCfg = Release|Any CPU
		{97DCDD5D-804A-4394-8FEF-5A0A568E92CC}.Release|Any CPU.Build.0 = Release|Any CPU
		{6C8C0ADB-97A5-439C-838F-279E95E557C1}.Debug|Any CPU.ActiveCfg = Debug|Any CPU
		{6C8C0ADB-97A5-439C-838F-279E95E557C1}.Debug|Any CPU.Build.0 = Debug|Any CPU
		{6C8C0ADB-97A5-439C-838F-279E95E557C1}.Release|Any CPU.ActiveCfg = Release|Any CPU
		{6C8C0ADB-97A5-439C-838F-279E95E557C1}.Release|Any CPU.Build.0 = Release|Any CPU
	EndGlobalSection
	GlobalSection(SolutionProperties) = preSolution
		HideSolutionNode = FALSE
	EndGlobalSection
	GlobalSection(ExtensibilityGlobals) = postSolution
		SolutionGuid = {FEB3BED9-67DF-4702-9A17-0A4715E542E6}
	EndGlobalSection
EndGlobal
